
Microsoft Visual Studio Solution File, Format Version 12.00
# Visual Studio Version 16
VisualStudioVersion = 16.0.810.18
MinimumVisualStudioVersion = 10.0.40219.1
Project("{FAE04EC0-301F-11D3-BF4B-00C04F79EFBC}") = "HomeworkN1", "HomeworkN1.csproj", "{988362C5-693F-41B2-8EA5-F1A7408FA806}"
EndProject
Global
	GlobalSection(SolutionConfigurationPlatforms) = preSolution
		Debug|anycpu = Debug|anycpu
		Release|anycpu = Release|anycpu
	EndGlobalSection
	GlobalSection(ProjectConfigurationPlatforms) = postSolution
		{988362C5-693F-41B2-8EA5-F1A7408FA806}.Debug|anycpu.ActiveCfg = Debug|anycpu
		{988362C5-693F-41B2-8EA5-F1A7408FA806}.Debug|anycpu.Build.0 = Debug|anycpu
		{988362C5-693F-41B2-8EA5-F1A7408FA806}.Release|anycpu.ActiveCfg = Release|anycpu
		{988362C5-693F-41B2-8EA5-F1A7408FA806}.Release|anycpu.Build.0 = Release|anycpu
	EndGlobalSection
	GlobalSection(SolutionProperties) = preSolution
		HideSolutionNode = FALSE
	EndGlobalSection
	GlobalSection(ExtensibilityGlobals) = postSolution
		SolutionGuid = {2112A97F-DFAF-4DBA-9CA4-70AE58E0C4DA}
	EndGlobalSection
EndGlobal
